
Microsoft Visual Studio Solution File, Format Version 12.00
# Visual Studio Version 17
VisualStudioVersion = 17.14.36301.6
MinimumVisualStudioVersion = 10.0.40219.1
Project("{8BC9CEB8-8B4A-11D0-8D11-00A0C91BC942}") = "Base", "Base\Base.vcxproj", "{878EFD46-8746-4D3D-BBED-CD48787C4075}"
EndProject
Project("{8BC9CEB8-8B4A-11D0-8D11-00A0C91BC942}") = "Inline", "Inline\Inline.vcxproj", "{1AB68A24-D5D1-4BA4-A989-7B05207A2D95}"
EndProject
Project("{8BC9CEB8-8B4A-11D0-8D11-00A0C91BC942}") = "Pointer", "Pointer\Pointer.vcxproj", "{079CE728-B7D5-4ADE-9354-7FBCE844F1E6}"
EndProject
Project("{8BC9CEB8-8B4A-11D0-8D11-00A0C91BC942}") = "Reference", "Reference\Reference.vcxproj", "{77622F71-E188-484F-A34D-DA0116F2C0F3}"
EndProject
Project("{8BC9CEB8-8B4A-11D0-8D11-00A0C91BC942}") = "Array", "Array\Array.vcxproj", "{353C3A40-E76C-4527-B786-AD5612B69961}"
EndProject
Project("{8BC9CEB8-8B4A-11D0-8D11-00A0C91BC942}") = "String", "String\String.vcxproj", "{CAA9B391-0217-474E-AA13-62506D1CE778}"
EndProject
Project("{8BC9CEB8-8B4A-11D0-8D11-00A0C91BC942}") = "ClassBasic", "ClassBasic\ClassBasic.vcxproj", "{036B810A-A6F8-4639-AD11-CF3C20ACA801}"
EndProject
Project("{8BC9CEB8-8B4A-11D0-8D11-00A0C91BC942}") = "ClassArray", "ClassArray\ClassArray.vcxproj", "{B9E8A1BA-96F4-46EE-BBA3-36F2FFB88695}"
EndProject
Project("{8BC9CEB8-8B4A-11D0-8D11-00A0C91BC942}") = "GameLoop", "GameLoop\GameLoop.vcxproj", "{8E1F58A5-AB0F-4875-AE45-239398D4DE36}"
EndProject
Project("{8BC9CEB8-8B4A-11D0-8D11-00A0C91BC942}") = "CopyConstructor", "CopyConstructor\CopyConstructor.vcxproj", "{42EA3B20-7A73-490A-A952-DAB92EAE76FB}"
EndProject
Project("{8BC9CEB8-8B4A-11D0-8D11-00A0C91BC942}") = "Inheritance", "Inheritance\Inheritance.vcxproj", "{286358E1-351A-45DC-BFD6-1EA4B205AA84}"
EndProject
Project("{8BC9CEB8-8B4A-11D0-8D11-00A0C91BC942}") = "VirtualClass", "VirtualClass\VirtualClass.vcxproj", "{5B97F0D1-FB24-4962-B78E-42CE10B4F8C1}"
EndProject
Project("{8BC9CEB8-8B4A-11D0-8D11-00A0C91BC942}") = "OperatorOverloading", "OperatorOverloading\OperatorOverloading.vcxproj", "{C273BB4A-C1F4-4A0B-9E78-732FC3632DE3}"
EndProject
Project("{8BC9CEB8-8B4A-11D0-8D11-00A0C91BC942}") = "Template", "Template\Template.vcxproj", "{AF425102-DB65-4182-865B-172C354F8B0B}"
EndProject
Project("{8BC9CEB8-8B4A-11D0-8D11-00A0C91BC942}") = "FileIO", "FileIO\FileIO.vcxproj", "{E1F580D3-5310-4B7E-A649-5FFD209E62BD}"
EndProject
Global
	GlobalSection(SolutionConfigurationPlatforms) = preSolution
		Debug|x64 = Debug|x64
		Debug|x86 = Debug|x86
		Release|x64 = Release|x64
		Release|x86 = Release|x86
	EndGlobalSection
	GlobalSection(ProjectConfigurationPlatforms) = postSolution
		{878EFD46-8746-4D3D-BBED-CD48787C4075}.Debug|x64.ActiveCfg = Debug|x64
		{878EFD46-8746-4D3D-BBED-CD48787C4075}.Debug|x64.Build.0 = Debug|x64
		{878EFD46-8746-4D3D-BBED-CD48787C4075}.Debug|x86.ActiveCfg = Debug|Win32
		{878EFD46-8746-4D3D-BBED-CD48787C4075}.Debug|x86.Build.0 = Debug|Win32
		{878EFD46-8746-4D3D-BBED-CD48787C4075}.Release|x64.ActiveCfg = Release|x64
		{878EFD46-8746-4D3D-BBED-CD48787C4075}.Release|x64.Build.0 = Release|x64
		{878EFD46-8746-4D3D-BBED-CD48787C4075}.Release|x86.ActiveCfg = Release|Win32
		{878EFD46-8746-4D3D-BBED-CD48787C4075}.Release|x86.Build.0 = Release|Win32
		{1AB68A24-D5D1-4BA4-A989-7B05207A2D95}.Debug|x64.ActiveCfg = Debug|x64
		{1AB68A24-D5D1-4BA4-A989-7B05207A2D95}.Debug|x64.Build.0 = Debug|x64
		{1AB68A24-D5D1-4BA4-A989-7B05207A2D95}.Debug|x86.ActiveCfg = Debug|Win32
		{1AB68A24-D5D1-4BA4-A989-7B05207A2D95}.Debug|x86.Build.0 = Debug|Win32
		{1AB68A24-D5D1-4BA4-A989-7B05207A2D95}.Release|x64.ActiveCfg = Release|x64
		{1AB68A24-D5D1-4BA4-A989-7B05207A2D95}.Release|x64.Build.0 = Release|x64
		{1AB68A24-D5D1-4BA4-A989-7B05207A2D95}.Release|x86.ActiveCfg = Release|Win32
		{1AB68A24-D5D1-4BA4-A989-7B05207A2D95}.Release|x86.Build.0 = Release|Win32
		{079CE728-B7D5-4ADE-9354-7FBCE844F1E6}.Debug|x64.ActiveCfg = Debug|x64
		{079CE728-B7D5-4ADE-9354-7FBCE844F1E6}.Debug|x64.Build.0 = Debug|x64
		{079CE728-B7D5-4ADE-9354-7FBCE844F1E6}.Debug|x86.ActiveCfg = Debug|Win32
		{079CE728-B7D5-4ADE-9354-7FBCE844F1E6}.Debug|x86.Build.0 = Debug|Win32
		{079CE728-B7D5-4ADE-9354-7FBCE844F1E6}.Release|x64.ActiveCfg = Release|x64
		{079CE728-B7D5-4ADE-9354-7FBCE844F1E6}.Release|x64.Build.0 = Release|x64
		{079CE728-B7D5-4ADE-9354-7FBCE844F1E6}.Release|x86.ActiveCfg = Release|Win32
		{079CE728-B7D5-4ADE-9354-7FBCE844F1E6}.Release|x86.Build.0 = Release|Win32
		{77622F71-E188-484F-A34D-DA0116F2C0F3}.Debug|x64.ActiveCfg = Debug|x64
		{77622F71-E188-484F-A34D-DA0116F2C0F3}.Debug|x64.Build.0 = Debug|x64
		{77622F71-E188-484F-A34D-DA0116F2C0F3}.Debug|x86.ActiveCfg = Debug|Win32
		{77622F71-E188-484F-A34D-DA0116F2C0F3}.Debug|x86.Build.0 = Debug|Win32
		{77622F71-E188-484F-A34D-DA0116F2C0F3}.Release|x64.ActiveCfg = Release|x64
		{77622F71-E188-484F-A34D-DA0116F2C0F3}.Release|x64.Build.0 = Release|x64
		{77622F71-E188-484F-A34D-DA0116F2C0F3}.Release|x86.ActiveCfg = Release|Win32
		{77622F71-E188-484F-A34D-DA0116F2C0F3}.Release|x86.Build.0 = Release|Win32
		{353C3A40-E76C-4527-B786-AD5612B69961}.Debug|x64.ActiveCfg = Debug|x64
		{353C3A40-E76C-4527-B786-AD5612B69961}.Debug|x64.Build.0 = Debug|x64
		{353C3A40-E76C-4527-B786-AD5612B69961}.Debug|x86.ActiveCfg = Debug|Win32
		{353C3A40-E76C-4527-B786-AD5612B69961}.Debug|x86.Build.0 = Debug|Win32
		{353C3A40-E76C-4527-B786-AD5612B69961}.Release|x64.ActiveCfg = Release|x64
		{353C3A40-E76C-4527-B786-AD5612B69961}.Release|x64.Build.0 = Release|x64
		{353C3A40-E76C-4527-B786-AD5612B69961}.Release|x86.ActiveCfg = Release|Win32
		{353C3A40-E76C-4527-B786-AD5612B69961}.Release|x86.Build.0 = Release|Win32
		{CAA9B391-0217-474E-AA13-62506D1CE778}.Debug|x64.ActiveCfg = Debug|x64
		{CAA9B391-0217-474E-AA13-62506D1CE778}.Debug|x64.Build.0 = Debug|x64
		{CAA9B391-0217-474E-AA13-62506D1CE778}.Debug|x86.ActiveCfg = Debug|Win32
		{CAA9B391-0217-474E-AA13-62506D1CE778}.Debug|x86.Build.0 = Debug|Win32
		{CAA9B391-0217-474E-AA13-62506D1CE778}.Release|x64.ActiveCfg = Release|x64
		{CAA9B391-0217-474E-AA13-62506D1CE778}.Release|x64.Build.0 = Release|x64
		{CAA9B391-0217-474E-AA13-62506D1CE778}.Release|x86.ActiveCfg = Release|Win32
		{CAA9B391-0217-474E-AA13-62506D1CE778}.Release|x86.Build.0 = Release|Win32
		{036B810A-A6F8-4639-AD11-CF3C20ACA801}.Debug|x64.ActiveCfg = Debug|x64
		{036B810A-A6F8-4639-AD11-CF3C20ACA801}.Debug|x64.Build.0 = Debug|x64
		{036B810A-A6F8-4639-AD11-CF3C20ACA801}.Debug|x86.ActiveCfg = Debug|Win32
		{036B810A-A6F8-4639-AD11-CF3C20ACA801}.Debug|x86.Build.0 = Debug|Win32
		{036B810A-A6F8-4639-AD11-CF3C20ACA801}.Release|x64.ActiveCfg = Release|x64
		{036B810A-A6F8-4639-AD11-CF3C20ACA801}.Release|x64.Build.0 = Release|x64
		{036B810A-A6F8-4639-AD11-CF3C20ACA801}.Release|x86.ActiveCfg = Release|Win32
		{036B810A-A6F8-4639-AD11-CF3C20ACA801}.Release|x86.Build.0 = Release|Win32
		{B9E8A1BA-96F4-46EE-BBA3-36F2FFB88695}.Debug|x64.ActiveCfg = Debug|x64
		{B9E8A1BA-96F4-46EE-BBA3-36F2FFB88695}.Debug|x64.Build.0 = Debug|x64
		{B9E8A1BA-96F4-46EE-BBA3-36F2FFB88695}.Debug|x86.ActiveCfg = Debug|Win32
		{B9E8A1BA-96F4-46EE-BBA3-36F2FFB88695}.Debug|x86.Build.0 = Debug|Win32
		{B9E8A1BA-96F4-46EE-BBA3-36F2FFB88695}.Release|x64.ActiveCfg = Release|x64
		{B9E8A1BA-96F4-46EE-BBA3-36F2FFB88695}.Release|x64.Build.0 = Release|x64
		{B9E8A1BA-96F4-46EE-BBA3-36F2FFB88695}.Release|x86.ActiveCfg = Release|Win32
		{B9E8A1BA-96F4-46EE-BBA3-36F2FFB88695}.Release|x86.Build.0 = Release|Win32
		{8E1F58A5-AB0F-4875-AE45-239398D4DE36}.Debug|x64.ActiveCfg = Debug|x64
		{8E1F58A5-AB0F-4875-AE45-239398D4DE36}.Debug|x64.Build.0 = Debug|x64
		{8E1F58A5-AB0F-4875-AE45-239398D4DE36}.Debug|x86.ActiveCfg = Debug|Win32
		{8E1F58A5-AB0F-4875-AE45-239398D4DE36}.Debug|x86.Build.0 = Debug|Win32
		{8E1F58A5-AB0F-4875-AE45-239398D4DE36}.Release|x64.ActiveCfg = Release|x64
		{8E1F58A5-AB0F-4875-AE45-239398D4DE36}.Release|x64.Build.0 = Release|x64
		{8E1F58A5-AB0F-4875-AE45-239398D4DE36}.Release|x86.ActiveCfg = Release|Win32
		{8E1F58A5-AB0F-4875-AE45-239398D4DE36}.Release|x86.Build.0 = Release|Win32
		{42EA3B20-7A73-490A-A952-DAB92EAE76FB}.Debug|x64.ActiveCfg = Debug|x64
		{42EA3B20-7A73-490A-A952-DAB92EAE76FB}.Debug|x64.Build.0 = Debug|x64
		{42EA3B20-7A73-490A-A952-DAB92EAE76FB}.Debug|x86.ActiveCfg = Debug|Win32
		{42EA3B20-7A73-490A-A952-DAB92EAE76FB}.Debug|x86.Build.0 = Debug|Win32
		{42EA3B20-7A73-490A-A952-DAB92EAE76FB}.Release|x64.ActiveCfg = Release|x64
		{42EA3B20-7A73-490A-A952-DAB92EAE76FB}.Release|x64.Build.0 = Release|x64
		{42EA3B20-7A73-490A-A952-DAB92EAE76FB}.Release|x86.ActiveCfg = Release|Win32
		{42EA3B20-7A73-490A-A952-DAB92EAE76FB}.Release|x86.Build.0 = Release|Win32
		{286358E1-351A-45DC-BFD6-1EA4B205AA84}.Debug|x64.ActiveCfg = Debug|x64
		{286358E1-351A-45DC-BFD6-1EA4B205AA84}.Debug|x64.Build.0 = Debug|x64
		{286358E1-351A-45DC-BFD6-1EA4B205AA84}.Debug|x86.ActiveCfg = Debug|Win32
		{286358E1-351A-45DC-BFD6-1EA4B205AA84}.Debug|x86.Build.0 = Debug|Win32
		{286358E1-351A-45DC-BFD6-1EA4B205AA84}.Release|x64.ActiveCfg = Release|x64
		{286358E1-351A-45DC-BFD6-1EA4B205AA84}.Release|x64.Build.0 = Release|x64
		{286358E1-351A-45DC-BFD6-1EA4B205AA84}.Release|x86.ActiveCfg = Release|Win32
		{286358E1-351A-45DC-BFD6-1EA4B205AA84}.Release|x86.Build.0 = Release|Win32
		{5B97F0D1-FB24-4962-B78E-42CE10B4F8C1}.Debug|x64.ActiveCfg = Debug|x64
		{5B97F0D1-FB24-4962-B78E-42CE10B4F8C1}.Debug|x64.Build.0 = Debug|x64
		{5B97F0D1-FB24-4962-B78E-42CE10B4F8C1}.Debug|x86.ActiveCfg = Debug|Win32
		{5B97F0D1-FB24-4962-B78E-42CE10B4F8C1}.Debug|x86.Build.0 = Debug|Win32
		{5B97F0D1-FB24-4962-B78E-42CE10B4F8C1}.Release|x64.ActiveCfg = Release|x64
		{5B97F0D1-FB24-4962-B78E-42CE10B4F8C1}.Release|x64.Build.0 = Release|x64
		{5B97F0D1-FB24-4962-B78E-42CE10B4F8C1}.Release|x86.ActiveCfg = Release|Win32
		{5B97F0D1-FB24-4962-B78E-42CE10B4F8C1}.Release|x86.Build.0 = Release|Win32
		{C273BB4A-C1F4-4A0B-9E78-732FC3632DE3}.Debug|x64.ActiveCfg = Debug|x64
		{C273BB4A-C1F4-4A0B-9E78-732FC3632DE3}.Debug|x64.Build.0 = Debug|x64
		{C273BB4A-C1F4-4A0B-9E78-732FC3632DE3}.Debug|x86.ActiveCfg = Debug|Win32
		{C273BB4A-C1F4-4A0B-9E78-732FC3632DE3}.Debug|x86.Build.0 = Debug|Win32
		{C273BB4A-C1F4-4A0B-9E78-732FC3632DE3}.Release|x64.ActiveCfg = Release|x64
		{C273BB4A-C1F4-4A0B-9E78-732FC3632DE3}.Release|x64.Build.0 = Release|x64
		{C273BB4A-C1F4-4A0B-9E78-732FC3632DE3}.Release|x86.ActiveCfg = Release|Win32
		{C273BB4A-C1F4-4A0B-9E78-732FC3632DE3}.Release|x86.Build.0 = Release|Win32
		{AF425102-DB65-4182-865B-172C354F8B0B}.Debug|x64.ActiveCfg = Debug|x64
		{AF425102-DB65-4182-865B-172C354F8B0B}.Debug|x64.Build.0 = Debug|x64
		{AF425102-DB65-4182-865B-172C354F8B0B}.Debug|x86.ActiveCfg = Debug|Win32
		{AF425102-DB65-4182-865B-172C354F8B0B}.Debug|x86.Build.0 = Debug|Win32
		{AF425102-DB65-4182-865B-172C354F8B0B}.Release|x64.ActiveCfg = Release|x64
		{AF425102-DB65-4182-865B-172C354F8B0B}.Release|x64.Build.0 = Release|x64
		{AF425102-DB65-4182-865B-172C354F8B0B}.Release|x86.ActiveCfg = Release|Win32
		{AF425102-DB65-4182-865B-172C354F8B0B}.Release|x86.Build.0 = Release|Win32
		{E1F580D3-5310-4B7E-A649-5FFD209E62BD}.Debug|x64.ActiveCfg = Debug|x64
		{E1F580D3-5310-4B7E-A649-5FFD209E62BD}.Debug|x64.Build.0 = Debug|x64
		{E1F580D3-5310-4B7E-A649-5FFD209E62BD}.Debug|x86.ActiveCfg = Debug|Win32
		{E1F580D3-5310-4B7E-A649-5FFD209E62BD}.Debug|x86.Build.0 = Debug|Win32
		{E1F580D3-5310-4B7E-A649-5FFD209E62BD}.Release|x64.ActiveCfg = Release|x64
		{E1F580D3-5310-4B7E-A649-5FFD209E62BD}.Release|x64.Build.0 = Release|x64
		{E1F580D3-5310-4B7E-A649-5FFD209E62BD}.Release|x86.ActiveCfg = Release|Win32
		{E1F580D3-5310-4B7E-A649-5FFD209E62BD}.Release|x86.Build.0 = Release|Win32
	EndGlobalSection
	GlobalSection(SolutionProperties) = preSolution
		HideSolutionNode = FALSE
	EndGlobalSection
	GlobalSection(ExtensibilityGlobals) = postSolution
		SolutionGuid = {2BF9C2CA-FF69-47D0-9636-F03E6A7D76E2}
	EndGlobalSection
EndGlobal
